
Microsoft Visual Studio Solution File, Format Version 12.00
# Visual Studio Version 17
VisualStudioVersion = 17.12.35514.174 d17.12
MinimumVisualStudioVersion = 10.0.40219.1
Project("{FAE04EC0-301F-11D3-BF4B-00C04F79EFBC}") = "WorksAndProjects", "WorksAndProjects.csproj", "{C69FA481-B238-4F2F-A968-41FC6A6CD6FF}"
EndProject
Project("{FAE04EC0-301F-11D3-BF4B-00C04F79EFBC}") = "WorksAndProjects.Data", "..\WorksAndProjects.Data\WorksAndProjects.Data.csproj", "{5E3543BA-B840-4865-893E-7859A83C4E8A}"
EndProject
Project("{FAE04EC0-301F-11D3-BF4B-00C04F79EFBC}") = "WorksAndProjects.Api", "..\WorksAndProject.Api\WorksAndProjects.Api.csproj", "{DDA2C7E2-EC4F-453F-9D26-D262F2AD0CFF}"
EndProject
Global
	GlobalSection(SolutionConfigurationPlatforms) = preSolution
		Debug|Any CPU = Debug|Any CPU
		Release|Any CPU = Release|Any CPU
	EndGlobalSection
	GlobalSection(ProjectConfigurationPlatforms) = postSolution
		{C69FA481-B238-4F2F-A968-41FC6A6CD6FF}.Debug|Any CPU.ActiveCfg = Debug|Any CPU
		{C69FA481-B238-4F2F-A968-41FC6A6CD6FF}.Debug|Any CPU.Build.0 = Debug|Any CPU
		{C69FA481-B238-4F2F-A968-41FC6A6CD6FF}.Release|Any CPU.ActiveCfg = Release|Any CPU
		{C69FA481-B238-4F2F-A968-41FC6A6CD6FF}.Release|Any CPU.Build.0 = Release|Any CPU
		{5E3543BA-B840-4865-893E-7859A83C4E8A}.Debug|Any CPU.ActiveCfg = Debug|Any CPU
		{5E3543BA-B840-4865-893E-7859A83C4E8A}.Debug|Any CPU.Build.0 = Debug|Any CPU
		{5E3543BA-B840-4865-893E-7859A83C4E8A}.Release|Any CPU.ActiveCfg = Release|Any CPU
		{5E3543BA-B840-4865-893E-7859A83C4E8A}.Release|Any CPU.Build.0 = Release|Any CPU
		{DDA2C7E2-EC4F-453F-9D26-D262F2AD0CFF}.Debug|Any CPU.ActiveCfg = Debug|Any CPU
		{DDA2C7E2-EC4F-453F-9D26-D262F2AD0CFF}.Debug|Any CPU.Build.0 = Debug|Any CPU
		{DDA2C7E2-EC4F-453F-9D26-D262F2AD0CFF}.Release|Any CPU.ActiveCfg = Release|Any CPU
		{DDA2C7E2-EC4F-453F-9D26-D262F2AD0CFF}.Release|Any CPU.Build.0 = Release|Any CPU
	EndGlobalSection
	GlobalSection(SolutionProperties) = preSolution
		HideSolutionNode = FALSE
	EndGlobalSection
EndGlobal
